
Microsoft Visual Studio Solution File, Format Version 12.00
# Visual Studio 15
VisualStudioVersion = 15.0.27428.2037
MinimumVisualStudioVersion = 10.0.40219.1
Project("{FAE04EC0-301F-11D3-BF4B-00C04F79EFBC}") = "Krop", "Krop\Krop.csproj", "{ED100549-C437-4393-9421-0EB003F23747}"
EndProject
Global
	GlobalSection(SolutionConfigurationPlatforms) = preSolution
		Debug|Any CPU = Debug|Any CPU
		Release|Any CPU = Release|Any CPU
	EndGlobalSection
	GlobalSection(ProjectConfigurationPlatforms) = postSolution
		{ED100549-C437-4393-9421-0EB003F23747}.Debug|Any CPU.ActiveCfg = Debug|Any CPU
		{ED100549-C437-4393-9421-0EB003F23747}.Debug|Any CPU.Build.0 = Debug|Any CPU
		{ED100549-C437-4393-9421-0EB003F23747}.Release|Any CPU.ActiveCfg = Release|Any CPU
		{ED100549-C437-4393-9421-0EB003F23747}.Release|Any CPU.Build.0 = Release|Any CPU
	EndGlobalSection
	GlobalSection(SolutionProperties) = preSolution
		HideSolutionNode = FALSE
	EndGlobalSection
	GlobalSection(ExtensibilityGlobals) = postSolution
		SolutionGuid = {05B16C6A-F6FD-43DE-88ED-74F90D8F1643}
	EndGlobalSection
EndGlobal
